// !$*UTF8*$!
{
	archiveVersion = 1;
	classes = {
	};
	objectVersion = 50;
	objects = {

/* Begin PBXBuildFile section */
		05CB5F4925EBB0D600EE26A9 /* AppDelegate.swift in Sources */ = {isa = PBXBuildFile; fileRef = 05CB5F4825EBB0D600EE26A9 /* AppDelegate.swift */; };
		05CB5F4D25EBB0D600EE26A9 /* ViewController.swift in Sources */ = {isa = PBXBuildFile; fileRef = 05CB5F4C25EBB0D600EE26A9 /* ViewController.swift */; };
		05CB5F5225EBB0D800EE26A9 /* Assets.xcassets in Resources */ = {isa = PBXBuildFile; fileRef = 05CB5F5125EBB0D800EE26A9 /* Assets.xcassets */; };
		05CB5F5525EBB0D800EE26A9 /* LaunchScreen.storyboard in Resources */ = {isa = PBXBuildFile; fileRef = 05CB5F5325EBB0D800EE26A9 /* LaunchScreen.storyboard */; };
		05E52D4525EBBF0900C0B509 /* LICENSE in Resources */ = {isa = PBXBuildFile; fileRef = 05E52D4325EBBF0900C0B509 /* LICENSE */; };
		05E52D4625EBBF0900C0B509 /* .gitignore in Resources */ = {isa = PBXBuildFile; fileRef = 05E52D4425EBBF0900C0B509 /* .gitignore */; };
		05E52D4B25EBC3A000C0B509 /* README.md in Resources */ = {isa = PBXBuildFile; fileRef = 05E52D4A25EBC3A000C0B509 /* README.md */; };
/* End PBXBuildFile section */

/* Begin PBXFileReference section */
		05CB5F4525EBB0D600EE26A9 /* PData.app */ = {isa = PBXFileReference; explicitFileType = wrapper.application; includeInIndex = 0; path = PData.app; sourceTree = BUILT_PRODUCTS_DIR; };
		05CB5F4825EBB0D600EE26A9 /* AppDelegate.swift */ = {isa = PBXFileReference; lastKnownFileType = sourcecode.swift; path = AppDelegate.swift; sourceTree = "<group>"; };
		05CB5F4C25EBB0D600EE26A9 /* ViewController.swift */ = {isa = PBXFileReference; lastKnownFileType = sourcecode.swift; path = ViewController.swift; sourceTree = "<group>"; };
		05CB5F5125EBB0D800EE26A9 /* Assets.xcassets */ = {isa = PBXFileReference; lastKnownFileType = folder.assetcatalog; path = Assets.xcassets; sourceTree = "<group>"; };
		05CB5F5425EBB0D800EE26A9 /* Base */ = {isa = PBXFileReference; lastKnownFileType = file.storyboard; name = Base; path = Base.lproj/LaunchScreen.storyboard; sourceTree = "<group>"; };
		05CB5F5625EBB0D800EE26A9 /* Info.plist */ = {isa = PBXFileReference; lastKnownFileType = text.plist.xml; path = Info.plist; sourceTree = "<group>"; };
		05E52D4325EBBF0900C0B509 /* LICENSE */ = {isa = PBXFileReference; fileEncoding = 4; lastKnownFileType = text; path = LICENSE; sourceTree = "<group>"; };
		05E52D4425EBBF0900C0B509 /* .gitignore */ = {isa = PBXFileReference; fileEncoding = 4; lastKnownFileType = text; path = .gitignore; sourceTree = "<group>"; };
		05E52D4A25EBC3A000C0B509 /* README.md */ = {isa = PBXFileReference; lastKnownFileType = net.daringfireball.markdown; path = README.md; sourceTree = "<group>"; };
/* End PBXFileReference section */

/* Begin PBXFrameworksBuildPhase section */
		05CB5F4225EBB0D600EE26A9 /* Frameworks */ = {
			isa = PBXFrameworksBuildPhase;
			buildActionMask = 2147483647;
			files = (
			);
			runOnlyForDeploymentPostprocessing = 0;
		};
/* End PBXFrameworksBuildPhase section */

/* Begin PBXGroup section */
		05CB5F3C25EBB0D600EE26A9 = {
			isa = PBXGroup;
			children = (
				05CB5F4725EBB0D600EE26A9 /* PData */,
				05CB5F4625EBB0D600EE26A9 /* Products */,
				05E52D4425EBBF0900C0B509 /* .gitignore */,
				05E52D4325EBBF0900C0B509 /* LICENSE */,
				05E52D4A25EBC3A000C0B509 /* README.md */,
			);
			sourceTree = "<group>";
		};
		05CB5F4625EBB0D600EE26A9 /* Products */ = {
			isa = PBXGroup;
			children = (
				05CB5F4525EBB0D600EE26A9 /* PData.app */,
			);
			name = Products;
			sourceTree = "<group>";
		};
		05CB5F4725EBB0D600EE26A9 /* PData */ = {
			isa = PBXGroup;
			children = (
				05CB5F5625EBB0D800EE26A9 /* Info.plist */,
				05CB5F4825EBB0D600EE26A9 /* AppDelegate.swift */,
				05CB5F4C25EBB0D600EE26A9 /* ViewController.swift */,
				05CB5F5125EBB0D800EE26A9 /* Assets.xcassets */,
				05CB5F5325EBB0D800EE26A9 /* LaunchScreen.storyboard */,
			);
			path = PData;
			sourceTree = "<group>";
		};
/* End PBXGroup section */

/* Begin PBXNativeTarget section */
		05CB5F4425EBB0D600EE26A9 /* PData */ = {
			isa = PBXNativeTarget;
			buildConfigurationList = 05CB5F5925EBB0D800EE26A9 /* Build configuration list for PBXNativeTarget "PData" */;
			buildPhases = (
				05CB5F4125EBB0D600EE26A9 /* Sources */,
				05CB5F4225EBB0D600EE26A9 /* Frameworks */,
				05CB5F4325EBB0D600EE26A9 /* Resources */,
			);
			buildRules = (
			);
			dependencies = (
			);
			name = PData;
			productName = PData;
			productReference = 05CB5F4525EBB0D600EE26A9 /* PData.app */;
			productType = "com.apple.product-type.application";
		};
/* End PBXNativeTarget section */

/* Begin PBXProject section */
		05CB5F3D25EBB0D600EE26A9 /* Project object */ = {
			isa = PBXProject;
			attributes = {
				LastSwiftUpdateCheck = 1230;
				LastUpgradeCheck = 1230;
				TargetAttributes = {
					05CB5F4425EBB0D600EE26A9 = {
						CreatedOnToolsVersion = 12.3;
					};
				};
			};
			buildConfigurationList = 05CB5F4025EBB0D600EE26A9 /* Build configuration list for PBXProject "PData" */;
			compatibilityVersion = "Xcode 9.3";
			developmentRegion = en;
			hasScannedForEncodings = 0;
			knownRegions = (
				en,
				Base,
			);
			mainGroup = 05CB5F3C25EBB0D600EE26A9;
			productRefGroup = 05CB5F4625EBB0D600EE26A9 /* Products */;
			projectDirPath = "";
			projectRoot = "";
			targets = (
				05CB5F4425EBB0D600EE26A9 /* PData */,
			);
		};
/* End PBXProject section */

/* Begin PBXResourcesBuildPhase section */
		05CB5F4325EBB0D600EE26A9 /* Resources */ = {
			isa = PBXResourcesBuildPhase;
			buildActionMask = 2147483647;
			files = (
				05E52D4625EBBF0900C0B509 /* .gitignore in Resources */,
				05E52D4525EBBF0900C0B509 /* LICENSE in Resources */,
				05E52D4B25EBC3A000C0B509 /* README.md in Resources */,
				05CB5F5525EBB0D800EE26A9 /* LaunchScreen.storyboard in Resources */,
				05CB5F5225EBB0D800EE26A9 /* Assets.xcassets in Resources */,
			);
			runOnlyForDeploymentPostprocessing = 0;
		};
/* End PBXResourcesBuildPhase section */

/* Begin PBXSourcesBuildPhase section */
		05CB5F4125EBB0D600EE26A9 /* Sources */ = {
			isa = PBXSourcesBuildPhase;
			buildActionMask = 2147483647;
			files = (
				05CB5F4D25EBB0D600EE26A9 /* ViewController.swift in Sources */,
				05CB5F4925EBB0D600EE26A9 /* AppDelegate.swift in Sources */,
			);
			runOnlyForDeploymentPostprocessing = 0;
		};
/* End PBXSourcesBuildPhase section */

/* Begin PBXVariantGroup section */
		05CB5F5325EBB0D800EE26A9 /* LaunchScreen.storyboard */ = {
			isa = PBXVariantGroup;
			children = (
				05CB5F5425EBB0D800EE26A9 /* Base */,
			);
			name = LaunchScreen.storyboard;
			sourceTree = "<group>";
		};
/* End PBXVariantGroup section */

/* Begin XCBuildConfiguration section */
		05CB5F5725EBB0D800EE26A9 /* Debug */ = {
			isa = XCBuildConfiguration;
			buildSettings = {
				ALWAYS_SEARCH_USER_PATHS = NO;
				CLANG_ANALYZER_NONNULL = YES;
				CLANG_ANALYZER_NUMBER_OBJECT_CONVERSION = YES_AGGRESSIVE;
				CLANG_CXX_LANGUAGE_STANDARD = "gnu++14";
				CLANG_CXX_LIBRARY = "libc++";
				CLANG_ENABLE_MODULES = YES;
				CLANG_ENABLE_OBJC_ARC = YES;
				CLANG_ENABLE_OBJC_WEAK = YES;
				CLANG_WARN_BLOCK_CAPTURE_AUTORELEASING = YES;
				CLANG_WARN_BOOL_CONVERSION = YES;
				CLANG_WARN_COMMA = YES;
				CLANG_WARN_CONSTANT_CONVERSION = YES;
				CLANG_WARN_DEPRECATED_OBJC_IMPLEMENTATIONS = YES;
				CLANG_WARN_DIRECT_OBJC_ISA_USAGE = YES_ERROR;
				CLANG_WARN_DOCUMENTATION_COMMENTS = YES;
				CLANG_WARN_EMPTY_BODY = YES;
				CLANG_WARN_ENUM_CONVERSION = YES;
				CLANG_WARN_INFINITE_RECURSION = YES;
				CLANG_WARN_INT_CONVERSION = YES;
				CLANG_WARN_NON_LITERAL_NULL_CONVERSION = YES;
				CLANG_WARN_OBJC_IMPLICIT_RETAIN_SELF = YES;
				CLANG_WARN_OBJC_LITERAL_CONVERSION = YES;
				CLANG_WARN_OBJC_ROOT_CLASS = YES_ERROR;
				CLANG_WARN_QUOTED_INCLUDE_IN_FRAMEWORK_HEADER = YES;
				CLANG_WARN_RANGE_LOOP_ANALYSIS = YES;
				CLANG_WARN_STRICT_PROTOTYPES = YES;
				CLANG_WARN_SUSPICIOUS_MOVE = YES;
				CLANG_WARN_UNGUARDED_AVAILABILITY = YES_AGGRESSIVE;
				CLANG_WARN_UNREACHABLE_CODE = YES;
				CLANG_WARN__DUPLICATE_METHOD_MATCH = YES;
				COPY_PHASE_STRIP = NO;
				DEBUG_INFORMATION_FORMAT = dwarf;
				ENABLE_STRICT_OBJC_MSGSEND = YES;
				ENABLE_TESTABILITY = YES;
				GCC_C_LANGUAGE_STANDARD = gnu11;
				GCC_DYNAMIC_NO_PIC = NO;
				GCC_NO_COMMON_BLOCKS = YES;
				GCC_OPTIMIZATION_LEVEL = 0;
				GCC_PREPROCESSOR_DEFINITIONS = (
					"DEBUG=1",
					"$(inherited)",
				);
				GCC_WARN_64_TO_32_BIT_CONVERSION = YES;
				GCC_WARN_ABOUT_RETURN_TYPE = YES_ERROR;
				GCC_WARN_UNDECLARED_SELECTOR = YES;
				GCC_WARN_UNINITIALIZED_AUTOS = YES_AGGRESSIVE;
				GCC_WARN_UNUSED_FUNCTION = YES;
				GCC_WARN_UNUSED_VARIABLE = YES;
				IPHONEOS_DEPLOYMENT_TARGET = 14.3;
				MTL_ENABLE_DEBUG_INFO = INCLUDE_SOURCE;
				MTL_FAST_MATH = YES;
				ONLY_ACTIVE_ARCH = YES;
				SDKROOT = iphoneos;
				SWIFT_ACTIVE_COMPILATION_CONDITIONS = DEBUG;
				SWIFT_OPTIMIZATION_LEVEL = "-Onone";
			};
			name = Debug;
		};
		05CB5F5825EBB0D800EE26A9 /* Release */ = {
			isa = XCBuildConfiguration;
			buildSettings = {
				ALWAYS_SEARCH_USER_PATHS = NO;
				CLANG_ANALYZER_NONNULL = YES;
				CLANG_ANALYZER_NUMBER_OBJECT_CONVERSION = YES_AGGRESSIVE;
				CLANG_CXX_LANGUAGE_STANDARD = "gnu++14";
				CLANG_CXX_LIBRARY = "libc++";
				CLANG_ENABLE_MODULES = YES;
				CLANG_ENABLE_OBJC_ARC = YES;
				CLANG_ENABLE_OBJC_WEAK = YES;
				CLANG_WARN_BLOCK_CAPTURE_AUTORELEASING = YES;
				CLANG_WARN_BOOL_CONVERSION = YES;
				CLANG_WARN_COMMA = YES;
				CLANG_WARN_CONSTANT_CONVERSION = YES;
				CLANG_WARN_DEPRECATED_OBJC_IMPLEMENTATIONS = YES;
				CLANG_WARN_DIRECT_OBJC_ISA_USAGE = YES_ERROR;
				CLANG_WARN_DOCUMENTATION_COMMENTS = YES;
				CLANG_WARN_EMPTY_BODY = YES;
				CLANG_WARN_ENUM_CONVERSION = YES;
				CLANG_WARN_INFINITE_RECURSION = YES;
				CLANG_WARN_INT_CONVERSION = YES;
				CLANG_WARN_NON_LITERAL_NULL_CONVERSION = YES;
				CLANG_WARN_OBJC_IMPLICIT_RETAIN_SELF = YES;
				CLANG_WARN_OBJC_LITERAL_CONVERSION = YES;
				CLANG_WARN_OBJC_ROOT_CLASS = YES_ERROR;
				CLANG_WARN_QUOTED_INCLUDE_IN_FRAMEWORK_HEADER = YES;
				CLANG_WARN_RANGE_LOOP_ANALYSIS = YES;
				CLANG_WARN_STRICT_PROTOTYPES = YES;
				CLANG_WARN_SUSPICIOUS_MOVE = YES;
				CLANG_WARN_UNGUARDED_AVAILABILITY = YES_AGGRESSIVE;
				CLANG_WARN_UNREACHABLE_CODE = YES;
				CLANG_WARN__DUPLICATE_METHOD_MATCH = YES;
				COPY_PHASE_STRIP = NO;
				DEBUG_INFORMATION_FORMAT = "dwarf-with-dsym";
				ENABLE_NS_ASSERTIONS = NO;
				ENABLE_STRICT_OBJC_MSGSEND = YES;
				GCC_C_LANGUAGE_STANDARD = gnu11;
				GCC_NO_COMMON_BLOCKS = YES;
				GCC_WARN_64_TO_32_BIT_CONVERSION = YES;
				GCC_WARN_ABOUT_RETURN_TYPE = YES_ERROR;
				GCC_WARN_UNDECLARED_SELECTOR = YES;
				GCC_WARN_UNINITIALIZED_AUTOS = YES_AGGRESSIVE;
				GCC_WARN_UNUSED_FUNCTION = YES;
				GCC_WARN_UNUSED_VARIABLE = YES;
				IPHONEOS_DEPLOYMENT_TARGET = 14.3;
				MTL_ENABLE_DEBUG_INFO = NO;
				MTL_FAST_MATH = YES;
				SDKROOT = iphoneos;
				SWIFT_COMPILATION_MODE = wholemodule;
				SWIFT_OPTIMIZATION_LEVEL = "-O";
				VALIDATE_PRODUCT = YES;
			};
			name = Release;
		};
		05CB5F5A25EBB0D800EE26A9 /* Debug */ = {
			isa = XCBuildConfiguration;
			buildSettings = {
				ASSETCATALOG_COMPILER_APPICON_NAME = AppIcon;
				ASSETCATALOG_COMPILER_GLOBAL_ACCENT_COLOR_NAME = AccentColor;
				CODE_SIGN_STYLE = Automatic;
				DEVELOPMENT_TEAM = 7JTC3SZUZB;
				INFOPLIST_FILE = PData/Info.plist;
				LD_RUNPATH_SEARCH_PATHS = (
					"$(inherited)",
					"@executable_path/Frameworks",
				);
				PRODUCT_BUNDLE_IDENTIFIER = com.prathameshk.PData;
				PRODUCT_NAME = "$(TARGET_NAME)";
				SWIFT_VERSION = 5.0;
				TARGETED_DEVICE_FAMILY = "1,2";
			};
			name = Debug;
		};
		05CB5F5B25EBB0D800EE26A9 /* Release */ = {
			isa = XCBuildConfiguration;
			buildSettings = {
				ASSETCATALOG_COMPILER_APPICON_NAME = AppIcon;
				ASSETCATALOG_COMPILER_GLOBAL_ACCENT_COLOR_NAME = AccentColor;
				CODE_SIGN_STYLE = Automatic;
				DEVELOPMENT_TEAM = 7JTC3SZUZB;
				INFOPLIST_FILE = PData/Info.plist;
				LD_RUNPATH_SEARCH_PATHS = (
					"$(inherited)",
					"@executable_path/Frameworks",
				);
				PRODUCT_BUNDLE_IDENTIFIER = com.prathameshk.PData;
				PRODUCT_NAME = "$(TARGET_NAME)";
				SWIFT_VERSION = 5.0;
				TARGETED_DEVICE_FAMILY = "1,2";
			};
			name = Release;
		};
/* End XCBuildConfiguration section */

/* Begin XCConfigurationList section */
		05CB5F4025EBB0D600EE26A9 /* Build configuration list for PBXProject "PData" */ = {
			isa = XCConfigurationList;
			buildConfigurations = (
				05CB5F5725EBB0D800EE26A9 /* Debug */,
				05CB5F5825EBB0D800EE26A9 /* Release */,
			);
			defaultConfigurationIsVisible = 0;
			defaultConfigurationName = Release;
		};
		05CB5F5925EBB0D800EE26A9 /* Build configuration list for PBXNativeTarget "PData" */ = {
			isa = XCConfigurationList;
			buildConfigurations = (
				05CB5F5A25EBB0D800EE26A9 /* Debug */,
				05CB5F5B25EBB0D800EE26A9 /* Release */,
			);
			defaultConfigurationIsVisible = 0;
			defaultConfigurationName = Release;
		};
/* End XCConfigurationList section */
	};
	rootObject = 05CB5F3D25EBB0D600EE26A9 /* Project object */;
}
